
Microsoft Visual Studio Solution File, Format Version 12.00
# Visual Studio Version 17
VisualStudioVersion = 17.11.35327.3
MinimumVisualStudioVersion = 10.0.40219.1
Project("{FAE04EC0-301F-11D3-BF4B-00C04F79EFBC}") = "QuanLyTrungTamTiengAnh", "QuanLyTrungTamTiengAnh.csproj", "{CF105FF0-DDC0-4DAF-9A45-04CCAEE9CFD8}"
EndProject
Global
	GlobalSection(SolutionConfigurationPlatforms) = preSolution
		Debug|Any CPU = Debug|Any CPU
		Release|Any CPU = Release|Any CPU
	EndGlobalSection
	GlobalSection(ProjectConfigurationPlatforms) = postSolution
		{CF105FF0-DDC0-4DAF-9A45-04CCAEE9CFD8}.Debug|Any CPU.ActiveCfg = Debug|Any CPU
		{CF105FF0-DDC0-4DAF-9A45-04CCAEE9CFD8}.Debug|Any CPU.Build.0 = Debug|Any CPU
		{CF105FF0-DDC0-4DAF-9A45-04CCAEE9CFD8}.Release|Any CPU.ActiveCfg = Release|Any CPU
		{CF105FF0-DDC0-4DAF-9A45-04CCAEE9CFD8}.Release|Any CPU.Build.0 = Release|Any CPU
	EndGlobalSection
	GlobalSection(SolutionProperties) = preSolution
		HideSolutionNode = FALSE
	EndGlobalSection
	GlobalSection(ExtensibilityGlobals) = postSolution
		SolutionGuid = {F55FB2F4-AE0D-4BEC-AAF8-63344B62044F}
	EndGlobalSection
EndGlobal
